
Microsoft Visual Studio Solution File, Format Version 12.00
# Visual Studio Version 17
VisualStudioVersion = 17.1.31911.260
MinimumVisualStudioVersion = 10.0.40219.1
Project("{FAE04EC0-301F-11D3-BF4B-00C04F79EFBC}") = "Middleware", "Middleware\Middleware.csproj", "{D3BE6FA0-0F93-4E15-8423-BC02CE27E994}"
EndProject
Global
	GlobalSection(SolutionConfigurationPlatforms) = preSolution
		Debug|Any CPU = Debug|Any CPU
		Release|Any CPU = Release|Any CPU
	EndGlobalSection
	GlobalSection(ProjectConfigurationPlatforms) = postSolution
		{D3BE6FA0-0F93-4E15-8423-BC02CE27E994}.Debug|Any CPU.ActiveCfg = Debug|Any CPU
		{D3BE6FA0-0F93-4E15-8423-BC02CE27E994}.Debug|Any CPU.Build.0 = Debug|Any CPU
		{D3BE6FA0-0F93-4E15-8423-BC02CE27E994}.Release|Any CPU.ActiveCfg = Release|Any CPU
		{D3BE6FA0-0F93-4E15-8423-BC02CE27E994}.Release|Any CPU.Build.0 = Release|Any CPU
	EndGlobalSection
	GlobalSection(SolutionProperties) = preSolution
		HideSolutionNode = FALSE
	EndGlobalSection
	GlobalSection(ExtensibilityGlobals) = postSolution
		SolutionGuid = {CAEAC7F2-0D7D-4EC2-8D4D-3D76A66BBC85}
	EndGlobalSection
EndGlobal
